
Microsoft Visual Studio Solution File, Format Version 12.00
# Visual Studio Version 17
VisualStudioVersion = 17.6.33815.320
MinimumVisualStudioVersion = 10.0.40219.1
Project("{FAE04EC0-301F-11D3-BF4B-00C04F79EFBC}") = "TestCliente", "TestCliente\TestCliente.csproj", "{15E57115-0289-496A-9388-801A4D4DD38F}"
EndProject
Global
	GlobalSection(SolutionConfigurationPlatforms) = preSolution
		Debug|Any CPU = Debug|Any CPU
		Release|Any CPU = Release|Any CPU
	EndGlobalSection
	GlobalSection(ProjectConfigurationPlatforms) = postSolution
		{15E57115-0289-496A-9388-801A4D4DD38F}.Debug|Any CPU.ActiveCfg = Debug|Any CPU
		{15E57115-0289-496A-9388-801A4D4DD38F}.Debug|Any CPU.Build.0 = Debug|Any CPU
		{15E57115-0289-496A-9388-801A4D4DD38F}.Release|Any CPU.ActiveCfg = Release|Any CPU
		{15E57115-0289-496A-9388-801A4D4DD38F}.Release|Any CPU.Build.0 = Release|Any CPU
	EndGlobalSection
	GlobalSection(SolutionProperties) = preSolution
		HideSolutionNode = FALSE
	EndGlobalSection
	GlobalSection(ExtensibilityGlobals) = postSolution
		SolutionGuid = {6D7B9277-190C-4A0A-8E53-BCD093BEB9B3}
	EndGlobalSection
EndGlobal
